
Microsoft Visual Studio Solution File, Format Version 12.00
# Visual Studio Version 16
VisualStudioVersion = 16.0.29519.181
MinimumVisualStudioVersion = 10.0.40219.1
Project("{FAE04EC0-301F-11D3-BF4B-00C04F79EFBC}") = "str_to_date_mssql", "str_to_date_mssql\str_to_date_mssql.csproj", "{03D6FBCB-06E1-457C-8668-6371488EEFC6}"
EndProject
Project("{FAE04EC0-301F-11D3-BF4B-00C04F79EFBC}") = "UnitTests", "UnitTests\UnitTests.csproj", "{BA9A71AA-8D3E-4F8C-BEE7-1654477E9191}"
EndProject
Global
	GlobalSection(SolutionConfigurationPlatforms) = preSolution
		Debug|Any CPU = Debug|Any CPU
		Release|Any CPU = Release|Any CPU
	EndGlobalSection
	GlobalSection(ProjectConfigurationPlatforms) = postSolution
		{03D6FBCB-06E1-457C-8668-6371488EEFC6}.Debug|Any CPU.ActiveCfg = Debug|Any CPU
		{03D6FBCB-06E1-457C-8668-6371488EEFC6}.Debug|Any CPU.Build.0 = Debug|Any CPU
		{03D6FBCB-06E1-457C-8668-6371488EEFC6}.Release|Any CPU.ActiveCfg = Release|Any CPU
		{03D6FBCB-06E1-457C-8668-6371488EEFC6}.Release|Any CPU.Build.0 = Release|Any CPU
		{BA9A71AA-8D3E-4F8C-BEE7-1654477E9191}.Debug|Any CPU.ActiveCfg = Debug|Any CPU
		{BA9A71AA-8D3E-4F8C-BEE7-1654477E9191}.Debug|Any CPU.Build.0 = Debug|Any CPU
		{BA9A71AA-8D3E-4F8C-BEE7-1654477E9191}.Release|Any CPU.ActiveCfg = Release|Any CPU
		{BA9A71AA-8D3E-4F8C-BEE7-1654477E9191}.Release|Any CPU.Build.0 = Release|Any CPU
	EndGlobalSection
	GlobalSection(SolutionProperties) = preSolution
		HideSolutionNode = FALSE
	EndGlobalSection
	GlobalSection(ExtensibilityGlobals) = postSolution
		SolutionGuid = {4F6C8DEF-4175-48BF-A797-E4B5BA084CF3}
	EndGlobalSection
EndGlobal
